
Microsoft Visual Studio Solution File, Format Version 12.00
# Visual Studio Version 16
VisualStudioVersion = 16.0.31729.503
MinimumVisualStudioVersion = 10.0.40219.1
Project("{FAE04EC0-301F-11D3-BF4B-00C04F79EFBC}") = "SnakeBoard", "SnakeBoard\SnakeBoard.csproj", "{06E862B7-1102-47C5-A6ED-29DF5243018E}"
EndProject
Global
	GlobalSection(SolutionConfigurationPlatforms) = preSolution
		Debug|Any CPU = Debug|Any CPU
		Release|Any CPU = Release|Any CPU
	EndGlobalSection
	GlobalSection(ProjectConfigurationPlatforms) = postSolution
		{06E862B7-1102-47C5-A6ED-29DF5243018E}.Debug|Any CPU.ActiveCfg = Debug|Any CPU
		{06E862B7-1102-47C5-A6ED-29DF5243018E}.Debug|Any CPU.Build.0 = Debug|Any CPU
		{06E862B7-1102-47C5-A6ED-29DF5243018E}.Release|Any CPU.ActiveCfg = Release|Any CPU
		{06E862B7-1102-47C5-A6ED-29DF5243018E}.Release|Any CPU.Build.0 = Release|Any CPU
	EndGlobalSection
	GlobalSection(SolutionProperties) = preSolution
		HideSolutionNode = FALSE
	EndGlobalSection
	GlobalSection(ExtensibilityGlobals) = postSolution
		SolutionGuid = {ACC86A5E-BC48-44FA-AB23-D76B9130C1DF}
	EndGlobalSection
EndGlobal
